
Microsoft Visual Studio Solution File, Format Version 12.00
# Visual Studio Version 16
VisualStudioVersion = 16.0.30128.74
MinimumVisualStudioVersion = 10.0.40219.1
Project("{9A19103F-16F7-4668-BE54-9A1E7A4F7556}") = "SparkAuto", "SparkAuto\SparkAuto.csproj", "{C711217A-8E16-4AE7-98DA-D596F79F943A}"
EndProject
Global
	GlobalSection(SolutionConfigurationPlatforms) = preSolution
		Debug|Any CPU = Debug|Any CPU
		Release|Any CPU = Release|Any CPU
	EndGlobalSection
	GlobalSection(ProjectConfigurationPlatforms) = postSolution
		{C711217A-8E16-4AE7-98DA-D596F79F943A}.Debug|Any CPU.ActiveCfg = Debug|Any CPU
		{C711217A-8E16-4AE7-98DA-D596F79F943A}.Debug|Any CPU.Build.0 = Debug|Any CPU
		{C711217A-8E16-4AE7-98DA-D596F79F943A}.Release|Any CPU.ActiveCfg = Release|Any CPU
		{C711217A-8E16-4AE7-98DA-D596F79F943A}.Release|Any CPU.Build.0 = Release|Any CPU
	EndGlobalSection
	GlobalSection(SolutionProperties) = preSolution
		HideSolutionNode = FALSE
	EndGlobalSection
	GlobalSection(ExtensibilityGlobals) = postSolution
		SolutionGuid = {C1600A90-54A8-42B9-9067-196893875026}
	EndGlobalSection
EndGlobal
